<Solution>
  <Folder Name="/src/">
    <Project Path="src/ClassroomCtrl.Avalonia.Sandbox/ClassroomCtrl.Avalonia.Sandbox.csproj" />
    <Project Path="src/ClassroomCtrl.Shared.Wire/ClassroomCtrl.Shared.Wire.csproj" />
  </Folder>
  <Folder Name="/tools/">
    <Project Path="tools/CrossPlatformInteropTest/CrossPlatformInteropTest.csproj" />
    <Project Path="tools/EnvelopeWireCompatTest/EnvelopeWireCompatTest.csproj" />
    <Project Path="tools/HeadlessCapture/HeadlessCapture.csproj" />
  </Folder>
</Solution>
